<Project xmlns="http://schemas.microsoft.com/developer/msbuild/2003">
    <PropertyGroup>
        <ProjectGuid>{62E03660-2C67-4FCA-BFCF-E21121F9F4EA}</ProjectGuid>
        <MainSource>PetClinic.dpr</MainSource>
        <Base>True</Base>
        <Config Condition="'$(Config)'==''">Debug</Config>
        <TargetedPlatforms>1</TargetedPlatforms>
        <AppType>Application</AppType>
        <FrameworkType>VCL</FrameworkType>
        <ProjectVersion>15.4</ProjectVersion>
        <Platform Condition="'$(Platform)'==''">Win32</Platform>
    </PropertyGroup>
    <PropertyGroup Condition="'$(Config)'=='Base' or '$(Base)'!=''">
        <Base>true</Base>
    </PropertyGroup>
    <PropertyGroup Condition="('$(Platform)'=='Win32' and '$(Base)'=='true') or '$(Base_Win32)'!=''">
        <Base_Win32>true</Base_Win32>
        <CfgParent>Base</CfgParent>
        <Base>true</Base>
    </PropertyGroup>
    <PropertyGroup Condition="('$(Platform)'=='Win64' and '$(Base)'=='true') or '$(Base_Win64)'!=''">
        <Base_Win64>true</Base_Win64>
        <CfgParent>Base</CfgParent>
        <Base>true</Base>
    </PropertyGroup>
    <PropertyGroup Condition="'$(Config)'=='Release' or '$(Cfg_1)'!=''">
        <Cfg_1>true</Cfg_1>
        <CfgParent>Base</CfgParent>
        <Base>true</Base>
    </PropertyGroup>
    <PropertyGroup Condition="'$(Config)'=='Debug' or '$(Cfg_2)'!=''">
        <Cfg_2>true</Cfg_2>
        <CfgParent>Base</CfgParent>
        <Base>true</Base>
    </PropertyGroup>
    <PropertyGroup Condition="('$(Platform)'=='Win32' and '$(Cfg_2)'=='true') or '$(Cfg_2_Win32)'!=''">
        <Cfg_2_Win32>true</Cfg_2_Win32>
        <CfgParent>Cfg_2</CfgParent>
        <Cfg_2>true</Cfg_2>
        <Base>true</Base>
    </PropertyGroup>
    <PropertyGroup Condition="'$(Base)'!=''">
        <DCC_Namespace>Vcl;Vcl.Imaging;Vcl.Touch;Vcl.Samples;Vcl.Shell;System;Xml;Data;Datasnap;Web;Soap;Winapi;$(DCC_Namespace)</DCC_Namespace>
        <DCC_K>false</DCC_K>
        <DCC_ImageBase>00400000</DCC_ImageBase>
        <VerInfo_Locale>1046</VerInfo_Locale>
        <DCC_N>false</DCC_N>
        <DCC_F>false</DCC_F>
        <VerInfo_Keys>CompanyName=;FileDescription=;FileVersion=1.0.0.0;InternalName=;LegalCopyright=;LegalTrademarks=;OriginalFilename=;ProductName=;ProductVersion=1.0.0.0;Comments=;CFBundleName=</VerInfo_Keys>
        <DCC_S>false</DCC_S>
        <DCC_E>false</DCC_E>
        <SanitizedProjectName>PetClinic</SanitizedProjectName>
    </PropertyGroup>
    <PropertyGroup Condition="'$(Base_Win32)'!=''">
        <VerInfo_IncludeVerInfo>true</VerInfo_IncludeVerInfo>
        <VerInfo_Locale>1033</VerInfo_Locale>
        <Icon_MainIcon>PetClinic_Icon1.ico</Icon_MainIcon>
        <VerInfo_Keys>CompanyName=;FileDescription=;FileVersion=1.0.0.0;InternalName=;LegalCopyright=;LegalTrademarks=;OriginalFilename=;ProductName=;ProductVersion=1.0.0.0;Comments=</VerInfo_Keys>
        <DCC_Namespace>System.Win;Data.Win;Datasnap.Win;Web.Win;Soap.Win;Xml.Win;Bde;$(DCC_Namespace)</DCC_Namespace>
        <Manifest_File>$(BDS)\bin\default_app.manifest</Manifest_File>
    </PropertyGroup>
    <PropertyGroup Condition="'$(Base_Win64)'!=''">
        <Icon_MainIcon>PetClinic_Icon1.ico</Icon_MainIcon>
        <Manifest_File>$(BDS)\bin\default_app.manifest</Manifest_File>
    </PropertyGroup>
    <PropertyGroup Condition="'$(Cfg_1)'!=''">
        <DCC_SymbolReferenceInfo>0</DCC_SymbolReferenceInfo>
        <DCC_DebugInformation>0</DCC_DebugInformation>
        <DCC_Define>RELEASE;$(DCC_Define)</DCC_Define>
        <DCC_LocalDebugSymbols>false</DCC_LocalDebugSymbols>
    </PropertyGroup>
    <PropertyGroup Condition="'$(Cfg_2)'!=''">
        <DCC_GenerateStackFrames>true</DCC_GenerateStackFrames>
        <DCC_Optimize>false</DCC_Optimize>
        <DCC_Define>DEBUG;$(DCC_Define)</DCC_Define>
    </PropertyGroup>
    <PropertyGroup Condition="'$(Cfg_2_Win32)'!=''">
        <Icon_MainIcon>Imagem\Sistema\PetClinic.ico</Icon_MainIcon>
        <VerInfo_Build>3</VerInfo_Build>
        <VerInfo_PreRelease>true</VerInfo_PreRelease>
        <VerInfo_Debug>true</VerInfo_Debug>
        <VerInfo_AutoIncVersion>true</VerInfo_AutoIncVersion>
        <VerInfo_IncludeVerInfo>true</VerInfo_IncludeVerInfo>
        <VerInfo_Keys>CompanyName=DRB Sistemas Comerciais;FileDescription=;FileVersion=1.0.0.3;InternalName=Sitemas Apollo;LegalCopyright=2014;LegalTrademarks=;OriginalFilename=Apollo Gestão;ProductName=Apollo Gestão;ProductVersion=1.0.0.0;Comments=</VerInfo_Keys>
    </PropertyGroup>
    <ItemGroup>
        <DelphiCompile Include="$(MainSource)">
            <MainSource>MainSource</MainSource>
        </DelphiCompile>
        <DCCReference Include="uPrinc.pas">
            <Form>FPrinc</Form>
        </DCCReference>
        <DCCReference Include="..\Rotinas\uRotinas.pas"/>
        <DCCReference Include="..\Acesso\uDmCon.pas">
            <Form>dmCon</Form>
            <DesignClass>TDataModule</DesignClass>
        </DCCReference>
        <DCCReference Include="..\Acesso\uConexao.pas"/>
        <DCCReference Include="..\Acesso\uMsg.pas">
            <Form>Fmsg</Form>
        </DCCReference>
        <DCCReference Include="C:\Program Files (x86)\Embarcadero\Studio\14.0\LibAdicional\UserControlXE6\Source\LoginWindow_U.pas">
            <Form>frmLoginWindow</Form>
        </DCCReference>
        <DCCReference Include="..\Cadastros\uPai.pas">
            <Form>Fcad_Pai</Form>
        </DCCReference>
        <DCCReference Include="..\Acesso\uSerial.pas">
            <Form>FCad_Serial</Form>
        </DCCReference>
        <DCCReference Include="..\Acesso\uCad_Captcha.pas">
            <Form>Fcon_Captcha</Form>
        </DCCReference>
        <DCCReference Include="..\Cadastros\uCad_Clientes.pas">
            <Form>Fcad_Clientes</Form>
        </DCCReference>
        <DCCReference Include="..\Cadastros\uCad_Cidade.pas">
            <Form>Fcad_Cidade</Form>
        </DCCReference>
        <DCCReference Include="..\Cadastros\uCad_Animais.pas">
            <Form>Fcad_Animais</Form>
        </DCCReference>
        <DCCReference Include="..\Cadastros\uCon_Generica.pas">
            <Form>Fcad_Generica</Form>
        </DCCReference>
        <DCCReference Include="..\Acesso\uDmRel.pas">
            <Form>dmRel</Form>
            <FormType>dfm</FormType>
            <DesignClass>TDataModule</DesignClass>
        </DCCReference>
        <DCCReference Include="..\Rotinas\uRotinaDeImpressaoDeRelatorios.pas"/>
        <DCCReference Include="..\Cadastros\uCad_Empresa.pas">
            <Form>FCad_Empresa</Form>
            <FormType>dfm</FormType>
        </DCCReference>
        <DCCReference Include="C:\Users\DANILO\Documents\Embarcadero\Studio\14.0\Imports\NFe_Util_2G_TLB.pas"/>
        <DCCReference Include="..\Cadastros\uCad_Produto.pas">
            <Form>Fcad_Produto</Form>
            <FormType>dfm</FormType>
        </DCCReference>
        <DCCReference Include="..\Rotinas\uRotinaDeEstoque.pas"/>
        <DCCReference Include="..\Cadastros\uCad_Estoque.pas">
            <Form>FCad_Estoque</Form>
            <FormType>dfm</FormType>
        </DCCReference>
        <DCCReference Include="..\Rotinas\uRotinaDeCalculosMatematicos.pas"/>
        <DCCReference Include="..\Cadastros\uCad_Balanco.pas">
            <Form>Fcad_Balanco</Form>
            <FormType>dfm</FormType>
        </DCCReference>
        <DCCReference Include="..\Relatorios\uCon_Relatorio.pas">
            <Form>Fcon_Relatorio</Form>
            <FormType>dfm</FormType>
        </DCCReference>
        <DCCReference Include="..\Movimentacao\udmMov.pas">
            <Form>dmMov</Form>
            <FormType>dfm</FormType>
            <DesignClass>TDataModule</DesignClass>
        </DCCReference>
        <DCCReference Include="..\Movimentacao\uCad_Pedido.pas">
            <Form>Fcad_Pedido</Form>
            <FormType>dfm</FormType>
        </DCCReference>
        <DCCReference Include="..\Cadastros\uCad_Pagto.pas">
            <Form>Fcad_Pagto</Form>
            <FormType>dfm</FormType>
        </DCCReference>
        <DCCReference Include="..\Cadastros\uCad_Ncm.pas">
            <Form>Fcad_NCM</Form>
            <FormType>dfm</FormType>
        </DCCReference>
        <DCCReference Include="..\Rotinas\uRotinaDeCalculosMovimentacao.pas"/>
        <DCCReference Include="..\Cadastros\uCad_Endereco.pas">
            <Form>Fcad_Endereco</Form>
            <FormType>dfm</FormType>
        </DCCReference>
        <DCCReference Include="..\Financeiro\uCad_Credito.pas">
            <Form>FCad_Credito</Form>
            <FormType>dfm</FormType>
        </DCCReference>
        <DCCReference Include="..\Financeiro\uPaiFinanceiro.pas">
            <Form>Fcad_PaiFinanceiro</Form>
            <FormType>dfm</FormType>
        </DCCReference>
        <DCCReference Include="..\Rotinas\uConsultaDadosCliente.pas"/>
        <DCCReference Include="..\Financeiro\udmFin.pas">
            <Form>dmFin</Form>
            <FormType>dfm</FormType>
            <DesignClass>TDataModule</DesignClass>
        </DCCReference>
        <DCCReference Include="..\Rotinas\uRotinaLancamentoFinanceiro.pas"/>
        <DCCReference Include="..\Financeiro\uCad_Conta.pas">
            <Form>Fcad_Contas</Form>
            <FormType>dfm</FormType>
        </DCCReference>
        <DCCReference Include="..\Cadastros\uCad_PlanoConta.pas">
            <Form>Fcad_PlanoConta</Form>
            <FormType>dfm</FormType>
        </DCCReference>
        <DCCReference Include="..\Financeiro\uCad_Baixa.pas">
            <Form>Fcad_Baixa</Form>
            <FormType>dfm</FormType>
        </DCCReference>
        <DCCReference Include="..\Cadastros\uCad_Parametro.pas">
            <Form>FCad_Parametro</Form>
            <FormType>dfm</FormType>
        </DCCReference>
        <DCCReference Include="..\Financeiro\uCad_Caixa.pas">
            <Form>Fcad_Caixa</Form>
            <FormType>dfm</FormType>
        </DCCReference>
        <DCCReference Include="..\Cadastros\uCad_Banco.pas">
            <Form>Fcad_Banco</Form>
            <FormType>dfm</FormType>
        </DCCReference>
        <DCCReference Include="..\Acesso\uDmCad.pas">
            <Form>dmCad</Form>
            <FormType>dfm</FormType>
            <DesignClass>TDataModule</DesignClass>
        </DCCReference>
        <DCCReference Include="..\Financeiro\uCad_CaixaFechamento.pas">
            <Form>Fcad_CaixaFechamento</Form>
            <FormType>dfm</FormType>
        </DCCReference>
        <DCCReference Include="..\Financeiro\uCad_Cheque.pas">
            <Form>Fcad_Cheque</Form>
            <FormType>dfm</FormType>
        </DCCReference>
        <BuildConfiguration Include="Debug">
            <Key>Cfg_2</Key>
            <CfgParent>Base</CfgParent>
        </BuildConfiguration>
        <BuildConfiguration Include="Base">
            <Key>Base</Key>
        </BuildConfiguration>
        <BuildConfiguration Include="Release">
            <Key>Cfg_1</Key>
            <CfgParent>Base</CfgParent>
        </BuildConfiguration>
    </ItemGroup>
    <ProjectExtensions>
        <Borland.Personality>Delphi.Personality.12</Borland.Personality>
        <Borland.ProjectType/>
        <BorlandProject>
            <Delphi.Personality>
                <Source>
                    <Source Name="MainSource">PetClinic.dpr</Source>
                </Source>
                <Excluded_Packages>
                    <Excluded_Packages Name="$(BDSBIN)\dcloffice2k200.bpl">Microsoft Office 2000 Sample Automation Server Wrapper Components</Excluded_Packages>
                    <Excluded_Packages Name="$(BDSBIN)\dclofficexp200.bpl">Microsoft Office XP Sample Automation Server Wrapper Components</Excluded_Packages>
                </Excluded_Packages>
            </Delphi.Personality>
            <Platforms>
                <Platform value="Win32">True</Platform>
                <Platform value="Win64">False</Platform>
            </Platforms>
        </BorlandProject>
        <ProjectFileVersion>12</ProjectFileVersion>
    </ProjectExtensions>
    <Import Project="$(BDS)\Bin\CodeGear.Delphi.Targets" Condition="Exists('$(BDS)\Bin\CodeGear.Delphi.Targets')"/>
    <Import Project="$(APPDATA)\Embarcadero\$(BDSAPPDATABASEDIR)\$(PRODUCTVERSION)\UserTools.proj" Condition="Exists('$(APPDATA)\Embarcadero\$(BDSAPPDATABASEDIR)\$(PRODUCTVERSION)\UserTools.proj')"/>
</Project>
